
Microsoft Visual Studio Solution File, Format Version 12.00
# Visual Studio Version 17
VisualStudioVersion = 17.9.34728.123
MinimumVisualStudioVersion = 10.0.40219.1
Project("{FAE04EC0-301F-11D3-BF4B-00C04F79EFBC}") = "Zanime.Server", "ZAnime\ZAnime.Server\Zanime.Server.csproj", "{3556158F-22A4-4857-8DEA-784073EE18F2}"
EndProject
Project("{54A90642-561A-4BB1-A94E-469ADEE60C69}") = "Zanime.client", "ZAnime\zanime.client\Zanime.client.esproj", "{1AB79A89-61F9-4F07-B644-65B330AA9E9F}"
EndProject
Global
	GlobalSection(SolutionConfigurationPlatforms) = preSolution
		Debug|Any CPU = Debug|Any CPU
		Release|Any CPU = Release|Any CPU
	EndGlobalSection
	GlobalSection(ProjectConfigurationPlatforms) = postSolution
		{3556158F-22A4-4857-8DEA-784073EE18F2}.Debug|Any CPU.ActiveCfg = Debug|Any CPU
		{3556158F-22A4-4857-8DEA-784073EE18F2}.Debug|Any CPU.Build.0 = Debug|Any CPU
		{3556158F-22A4-4857-8DEA-784073EE18F2}.Release|Any CPU.ActiveCfg = Release|Any CPU
		{3556158F-22A4-4857-8DEA-784073EE18F2}.Release|Any CPU.Build.0 = Release|Any CPU
		{1AB79A89-61F9-4F07-B644-65B330AA9E9F}.Debug|Any CPU.ActiveCfg = Debug|Any CPU
		{1AB79A89-61F9-4F07-B644-65B330AA9E9F}.Debug|Any CPU.Build.0 = Debug|Any CPU
		{1AB79A89-61F9-4F07-B644-65B330AA9E9F}.Debug|Any CPU.Deploy.0 = Debug|Any CPU
		{1AB79A89-61F9-4F07-B644-65B330AA9E9F}.Release|Any CPU.ActiveCfg = Release|Any CPU
		{1AB79A89-61F9-4F07-B644-65B330AA9E9F}.Release|Any CPU.Build.0 = Release|Any CPU
		{1AB79A89-61F9-4F07-B644-65B330AA9E9F}.Release|Any CPU.Deploy.0 = Release|Any CPU
	EndGlobalSection
	GlobalSection(SolutionProperties) = preSolution
		HideSolutionNode = FALSE
	EndGlobalSection
	GlobalSection(ExtensibilityGlobals) = postSolution
		SolutionGuid = {D003BDB4-5CDF-48CF-90FF-CC871EE26E74}
	EndGlobalSection
EndGlobal
