
Microsoft Visual Studio Solution File, Format Version 12.00
# Visual Studio Version 17
VisualStudioVersion = 17.5.002.0
MinimumVisualStudioVersion = 10.0.40219.1
Project("{9A19103F-16F7-4668-BE54-9A1E7A4F7556}") = "Zanime.Server", "ZAnime.Server\Zanime.Server.csproj", "{B244226E-3AA5-43DC-B324-4AFF51FF7A8D}"
EndProject
Global
	GlobalSection(SolutionConfigurationPlatforms) = preSolution
		Debug|Any CPU = Debug|Any CPU
		Release|Any CPU = Release|Any CPU
	EndGlobalSection
	GlobalSection(ProjectConfigurationPlatforms) = postSolution
		{B244226E-3AA5-43DC-B324-4AFF51FF7A8D}.Debug|Any CPU.ActiveCfg = Debug|Any CPU
		{B244226E-3AA5-43DC-B324-4AFF51FF7A8D}.Debug|Any CPU.Build.0 = Debug|Any CPU
		{B244226E-3AA5-43DC-B324-4AFF51FF7A8D}.Release|Any CPU.ActiveCfg = Release|Any CPU
		{B244226E-3AA5-43DC-B324-4AFF51FF7A8D}.Release|Any CPU.Build.0 = Release|Any CPU
	EndGlobalSection
	GlobalSection(SolutionProperties) = preSolution
		HideSolutionNode = FALSE
	EndGlobalSection
	GlobalSection(ExtensibilityGlobals) = postSolution
		SolutionGuid = {E83B5C29-5C2F-44A1-AF09-1F5E9FC76B87}
	EndGlobalSection
EndGlobal
